
Microsoft Visual Studio Solution File, Format Version 12.00
# Visual Studio 15
VisualStudioVersion = 15.0.28010.2026
MinimumVisualStudioVersion = 10.0.40219.1
Project("{FAE04EC0-301F-11D3-BF4B-00C04F79EFBC}") = "ValidacaoDados", "ValidacaoDados\ValidacaoDados.csproj", "{A418D0F1-3CF8-44CB-8CD0-AA1231D1102B}"
EndProject
Global
	GlobalSection(SolutionConfigurationPlatforms) = preSolution
		Debug|Any CPU = Debug|Any CPU
		Release|Any CPU = Release|Any CPU
	EndGlobalSection
	GlobalSection(ProjectConfigurationPlatforms) = postSolution
		{A418D0F1-3CF8-44CB-8CD0-AA1231D1102B}.Debug|Any CPU.ActiveCfg = Debug|Any CPU
		{A418D0F1-3CF8-44CB-8CD0-AA1231D1102B}.Debug|Any CPU.Build.0 = Debug|Any CPU
		{A418D0F1-3CF8-44CB-8CD0-AA1231D1102B}.Release|Any CPU.ActiveCfg = Release|Any CPU
		{A418D0F1-3CF8-44CB-8CD0-AA1231D1102B}.Release|Any CPU.Build.0 = Release|Any CPU
	EndGlobalSection
	GlobalSection(SolutionProperties) = preSolution
		HideSolutionNode = FALSE
	EndGlobalSection
	GlobalSection(ExtensibilityGlobals) = postSolution
		SolutionGuid = {ECA788B5-EA94-4B7A-8EC7-C6179D3B857A}
	EndGlobalSection
EndGlobal
